PODS:
  - Expecta (1.0.5)
  - Reduxy (0.3.2)
  - Specta (1.0.6)

DEPENDENCIES:
  - Expecta
  - Reduxy (from `../`)
  - Specta

EXTERNAL SOURCES:
  Reduxy:
    :path: ../

SPEC CHECKSUMS:
  Expecta: e1c022fcd33910b6be89c291d2775b3fe27a89fe
  Reduxy: 0eeccbc32a85a2e66d24341108485f9f9cb11418
  Specta: f506f3a8361de16bc0dcf3b17b75e269072ba465

PODFILE CHECKSUM: 9990574aba6998d728a7d6496c0bff6d1342bb0d

COCOAPODS: 1.4.0
